
Microsoft Visual Studio Solution File, Format Version 12.00
# Visual Studio 15
VisualStudioVersion = 15.0.26430.12
MinimumVisualStudioVersion = 10.0.40219.1
Project("{FAE04EC0-301F-11D3-BF4B-00C04F79EFBC}") = "Pattern_1st", "Pattern_1st.csproj", "{669C35DC-6CC1-416B-9C48-8F80F1F1A7EC}"
EndProject
Global
	GlobalSection(SolutionConfigurationPlatforms) = preSolution
		Debug|Any CPU = Debug|Any CPU
		Release|Any CPU = Release|Any CPU
	EndGlobalSection
	GlobalSection(ProjectConfigurationPlatforms) = postSolution
		{669C35DC-6CC1-416B-9C48-8F80F1F1A7EC}.Debug|Any CPU.ActiveCfg = Debug|Any CPU
		{669C35DC-6CC1-416B-9C48-8F80F1F1A7EC}.Debug|Any CPU.Build.0 = Debug|Any CPU
		{669C35DC-6CC1-416B-9C48-8F80F1F1A7EC}.Release|Any CPU.ActiveCfg = Release|Any CPU
		{669C35DC-6CC1-416B-9C48-8F80F1F1A7EC}.Release|Any CPU.Build.0 = Release|Any CPU
	EndGlobalSection
	GlobalSection(SolutionProperties) = preSolution
		HideSolutionNode = FALSE
	EndGlobalSection
EndGlobal
